github.com/lemon-mint/envaddr v0.0.0-20220115112619-b1acf77f317e h1:WHTlxOrYAnJkd+5dFnSIWA2+mAdgpUlChJpzjnNrSGE=
github.com/lemon-mint/envaddr v0.0.0-20220115112619-b1acf77f317e/go.mod h1:kzf0S/z9swcXpeo2+e1fY63g5/ZfIop37MgBmXLmDL0=
github.com/lemon-mint/godotenv v1.0.3 h1:wJBuGdp5eez/ycl9c8502qLj1RBPRHLDHTR6eoD/pwM=
github.com/lemon-mint/godotenv v1.0.3/go.mod h1:hBLJjPZkQ2QMrEwirLCQ+tRkWBKufZ1VxoqpZixGUYo=
